// !$*UTF8*$!
{
	archiveVersion = 1;
	classes = {
	};
	objectVersion = 46;
	objects = {

/* Begin PBXBuildFile section */
		6A7F07091697F2FB00E1E943 /* UIKit.framework in Frameworks */ = {isa = PBXBuildFile; fileRef = 6A7F07081697F2FB00E1E943 /* UIKit.framework */; };
		6A7F070B1697F2FB00E1E943 /* Foundation.framework in Frameworks */ = {isa = PBXBuildFile; fileRef = 6A7F070A1697F2FB00E1E943 /* Foundation.framework */; };
		6A7F070D1697F2FB00E1E943 /* CoreGraphics.framework in Frameworks */ = {isa = PBXBuildFile; fileRef = 6A7F070C1697F2FB00E1E943 /* CoreGraphics.framework */; };
		6A7F07131697F2FB00E1E943 /* InfoPlist.strings in Resources */ = {isa = PBXBuildFile; fileRef = 6A7F07111697F2FB00E1E943 /* InfoPlist.strings */; };
		6A7F07151697F2FB00E1E943 /* main.m in Sources */ = {isa = PBXBuildFile; fileRef = 6A7F07141697F2FB00E1E943 /* main.m */; };
		6A7F07191697F2FB00E1E943 /* AppDelegate.m in Sources */ = {isa = PBXBuildFile; fileRef = 6A7F07181697F2FB00E1E943 /* AppDelegate.m */; };
		6A7F071B1697F2FB00E1E943 /* Default.png in Resources */ = {isa = PBXBuildFile; fileRef = 6A7F071A1697F2FB00E1E943 /* Default.png */; };
		6A7F071D1697F2FB00E1E943 /* Default@2x.png in Resources */ = {isa = PBXBuildFile; fileRef = 6A7F071C1697F2FB00E1E943 /* Default@2x.png */; };
		6A7F071F1697F2FB00E1E943 /* Default-568h@2x.png in Resources */ = {isa = PBXBuildFile; fileRef = 6A7F071E1697F2FB00E1E943 /* Default-568h@2x.png */; };
		6A7F07221697F2FB00E1E943 /* MainStoryboard.storyboard in Resources */ = {isa = PBXBuildFile; fileRef = 6A7F07201697F2FB00E1E943 /* MainStoryboard.storyboard */; };
		6A7F07251697F2FB00E1E943 /* ViewController.m in Sources */ = {isa = PBXBuildFile; fileRef = 6A7F07241697F2FB00E1E943 /* ViewController.m */; };
		6A7F072D1697F32700E1E943 /* ILAlertView.m in Sources */ = {isa = PBXBuildFile; fileRef = 6A7F072C1697F32700E1E943 /* ILAlertView.m */; };
		6A7F07331697F50C00E1E943 /* QuartzCore.framework in Frameworks */ = {isa = PBXBuildFile; fileRef = 6A7F07321697F50C00E1E943 /* QuartzCore.framework */; };
		6A7F073B1697F7EA00E1E943 /* alertBkg@2x.png in Resources */ = {isa = PBXBuildFile; fileRef = 6A7F07391697F7EA00E1E943 /* alertBkg@2x.png */; };
		6A7F073F1698336100E1E943 /* icon.png in Resources */ = {isa = PBXBuildFile; fileRef = 6A7F073E1698336100E1E943 /* icon.png */; };
		6A7F07411698336600E1E943 /* icon@2x.png in Resources */ = {isa = PBXBuildFile; fileRef = 6A7F07401698336500E1E943 /* icon@2x.png */; };
		6A8DA1151788A3BE00F0802D /* alertBkg.png in Resources */ = {isa = PBXBuildFile; fileRef = 6A8DA1141788A3BE00F0802D /* alertBkg.png */; };
/* End PBXBuildFile section */

/* Begin PBXFileReference section */
		6A7F07041697F2FB00E1E943 /* ILAlertViewDemo.app */ = {isa = PBXFileReference; explicitFileType = wrapper.application; includeInIndex = 0; path = ILAlertViewDemo.app; sourceTree = BUILT_PRODUCTS_DIR; };
		6A7F07081697F2FB00E1E943 /* UIKit.framework */ = {isa = PBXFileReference; lastKnownFileType = wrapper.framework; name = UIKit.framework; path = System/Library/Frameworks/UIKit.framework; sourceTree = SDKROOT; };
		6A7F070A1697F2FB00E1E943 /* Foundation.framework */ = {isa = PBXFileReference; lastKnownFileType = wrapper.framework; name = Foundation.framework; path = System/Library/Frameworks/Foundation.framework; sourceTree = SDKROOT; };
		6A7F070C1697F2FB00E1E943 /* CoreGraphics.framework */ = {isa = PBXFileReference; lastKnownFileType = wrapper.framework; name = CoreGraphics.framework; path = System/Library/Frameworks/CoreGraphics.framework; sourceTree = SDKROOT; };
		6A7F07101697F2FB00E1E943 /* ILAlertViewDemo-Info.plist */ = {isa = PBXFileReference; lastKnownFileType = text.plist.xml; path = "ILAlertViewDemo-Info.plist"; sourceTree = "<group>"; };
		6A7F07121697F2FB00E1E943 /* en */ = {isa = PBXFileReference; lastKnownFileType = text.plist.strings; name = en; path = en.lproj/InfoPlist.strings; sourceTree = "<group>"; };
		6A7F07141697F2FB00E1E943 /* main.m */ = {isa = PBXFileReference; lastKnownFileType = sourcecode.c.objc; path = main.m; sourceTree = "<group>"; };
		6A7F07161697F2FB00E1E943 /* ILAlertViewDemo-Prefix.pch */ = {isa = PBXFileReference; lastKnownFileType = sourcecode.c.h; path = "ILAlertViewDemo-Prefix.pch"; sourceTree = "<group>"; };
		6A7F07171697F2FB00E1E943 /* AppDelegate.h */ = {isa = PBXFileReference; lastKnownFileType = sourcecode.c.h; path = AppDelegate.h; sourceTree = "<group>"; };
		6A7F07181697F2FB00E1E943 /* AppDelegate.m */ = {isa = PBXFileReference; lastKnownFileType = sourcecode.c.objc; path = AppDelegate.m; sourceTree = "<group>"; };
		6A7F071A1697F2FB00E1E943 /* Default.png */ = {isa = PBXFileReference; lastKnownFileType = image.png; path = Default.png; sourceTree = "<group>"; };
		6A7F071C1697F2FB00E1E943 /* Default@2x.png */ = {isa = PBXFileReference; lastKnownFileType = image.png; path = "Default@2x.png"; sourceTree = "<group>"; };
		6A7F071E1697F2FB00E1E943 /* Default-568h@2x.png */ = {isa = PBXFileReference; lastKnownFileType = image.png; path = "Default-568h@2x.png"; sourceTree = "<group>"; };
		6A7F07211697F2FB00E1E943 /* en */ = {isa = PBXFileReference; lastKnownFileType = file.storyboard; name = en; path = en.lproj/MainStoryboard.storyboard; sourceTree = "<group>"; };
		6A7F07231697F2FB00E1E943 /* ViewController.h */ = {isa = PBXFileReference; lastKnownFileType = sourcecode.c.h; path = ViewController.h; sourceTree = "<group>"; };
		6A7F07241697F2FB00E1E943 /* ViewController.m */ = {isa = PBXFileReference; lastKnownFileType = sourcecode.c.objc; path = ViewController.m; sourceTree = "<group>"; };
		6A7F072B1697F32700E1E943 /* ILAlertView.h */ = {isa = PBXFileReference; fileEncoding = 4; lastKnownFileType = sourcecode.c.h; name = ILAlertView.h; path = ../../ILAlertView.h; sourceTree = "<group>"; };
		6A7F072C1697F32700E1E943 /* ILAlertView.m */ = {isa = PBXFileReference; fileEncoding = 4; lastKnownFileType = sourcecode.c.objc; name = ILAlertView.m; path = ../../ILAlertView.m; sourceTree = "<group>"; };
		6A7F07321697F50C00E1E943 /* QuartzCore.framework */ = {isa = PBXFileReference; lastKnownFileType = wrapper.framework; name = QuartzCore.framework; path = System/Library/Frameworks/QuartzCore.framework; sourceTree = SDKROOT; };
		6A7F07391697F7EA00E1E943 /* alertBkg@2x.png */ = {isa = PBXFileReference; lastKnownFileType = image.png; name = "alertBkg@2x.png"; path = "../../alertBkg@2x.png"; sourceTree = "<group>"; };
		6A7F073E1698336100E1E943 /* icon.png */ = {isa = PBXFileReference; lastKnownFileType = image.png; path = icon.png; sourceTree = "<group>"; };
		6A7F07401698336500E1E943 /* icon@2x.png */ = {isa = PBXFileReference; lastKnownFileType = image.png; path = "icon@2x.png"; sourceTree = "<group>"; };
		6A8DA1141788A3BE00F0802D /* alertBkg.png */ = {isa = PBXFileReference; lastKnownFileType = image.png; name = alertBkg.png; path = ../../alertBkg.png; sourceTree = "<group>"; };
/* End PBXFileReference section */

/* Begin PBXFrameworksBuildPhase section */
		6A7F07011697F2FB00E1E943 /* Frameworks */ = {
			isa = PBXFrameworksBuildPhase;
			buildActionMask = 2147483647;
			files = (
				6A7F07331697F50C00E1E943 /* QuartzCore.framework in Frameworks */,
				6A7F07091697F2FB00E1E943 /* UIKit.framework in Frameworks */,
				6A7F070B1697F2FB00E1E943 /* Foundation.framework in Frameworks */,
				6A7F070D1697F2FB00E1E943 /* CoreGraphics.framework in Frameworks */,
			);
			runOnlyForDeploymentPostprocessing = 0;
		};
/* End PBXFrameworksBuildPhase section */

/* Begin PBXGroup section */
		6A7F06F91697F2FB00E1E943 = {
			isa = PBXGroup;
			children = (
				6A7F070E1697F2FB00E1E943 /* ILAlertViewDemo */,
				6A7F07071697F2FB00E1E943 /* Frameworks */,
				6A7F07051697F2FB00E1E943 /* Products */,
			);
			sourceTree = "<group>";
		};
		6A7F07051697F2FB00E1E943 /* Products */ = {
			isa = PBXGroup;
			children = (
				6A7F07041697F2FB00E1E943 /* ILAlertViewDemo.app */,
			);
			name = Products;
			sourceTree = "<group>";
		};
		6A7F07071697F2FB00E1E943 /* Frameworks */ = {
			isa = PBXGroup;
			children = (
				6A7F07321697F50C00E1E943 /* QuartzCore.framework */,
				6A7F07081697F2FB00E1E943 /* UIKit.framework */,
				6A7F070A1697F2FB00E1E943 /* Foundation.framework */,
				6A7F070C1697F2FB00E1E943 /* CoreGraphics.framework */,
			);
			name = Frameworks;
			sourceTree = "<group>";
		};
		6A7F070E1697F2FB00E1E943 /* ILAlertViewDemo */ = {
			isa = PBXGroup;
			children = (
				6A7F07171697F2FB00E1E943 /* AppDelegate.h */,
				6A7F07181697F2FB00E1E943 /* AppDelegate.m */,
				6A7F07201697F2FB00E1E943 /* MainStoryboard.storyboard */,
				6A7F07231697F2FB00E1E943 /* ViewController.h */,
				6A7F07241697F2FB00E1E943 /* ViewController.m */,
				6A7F072B1697F32700E1E943 /* ILAlertView.h */,
				6A7F072C1697F32700E1E943 /* ILAlertView.m */,
				6A7F073C16982B9700E1E943 /* Images */,
				6A7F070F1697F2FB00E1E943 /* Supporting Files */,
			);
			path = ILAlertViewDemo;
			sourceTree = "<group>";
		};
		6A7F070F1697F2FB00E1E943 /* Supporting Files */ = {
			isa = PBXGroup;
			children = (
				6A7F07101697F2FB00E1E943 /* ILAlertViewDemo-Info.plist */,
				6A7F07111697F2FB00E1E943 /* InfoPlist.strings */,
				6A7F07141697F2FB00E1E943 /* main.m */,
				6A7F07161697F2FB00E1E943 /* ILAlertViewDemo-Prefix.pch */,
				6A7F071A1697F2FB00E1E943 /* Default.png */,
				6A7F071C1697F2FB00E1E943 /* Default@2x.png */,
				6A7F071E1697F2FB00E1E943 /* Default-568h@2x.png */,
			);
			name = "Supporting Files";
			sourceTree = "<group>";
		};
		6A7F073C16982B9700E1E943 /* Images */ = {
			isa = PBXGroup;
			children = (
				6A7F07401698336500E1E943 /* icon@2x.png */,
				6A7F073E1698336100E1E943 /* icon.png */,
				6A8DA1141788A3BE00F0802D /* alertBkg.png */,
				6A7F07391697F7EA00E1E943 /* alertBkg@2x.png */,
			);
			name = Images;
			sourceTree = "<group>";
		};
/* End PBXGroup section */

/* Begin PBXNativeTarget section */
		6A7F07031697F2FB00E1E943 /* ILAlertViewDemo */ = {
			isa = PBXNativeTarget;
			buildConfigurationList = 6A7F07281697F2FB00E1E943 /* Build configuration list for PBXNativeTarget "ILAlertViewDemo" */;
			buildPhases = (
				6A7F07001697F2FB00E1E943 /* Sources */,
				6A7F07011697F2FB00E1E943 /* Frameworks */,
				6A7F07021697F2FB00E1E943 /* Resources */,
			);
			buildRules = (
			);
			dependencies = (
			);
			name = ILAlertViewDemo;
			productName = ILAlertViewDemo;
			productReference = 6A7F07041697F2FB00E1E943 /* ILAlertViewDemo.app */;
			productType = "com.apple.product-type.application";
		};
/* End PBXNativeTarget section */

/* Begin PBXProject section */
		6A7F06FB1697F2FB00E1E943 /* Project object */ = {
			isa = PBXProject;
			attributes = {
				LastUpgradeCheck = 0450;
				ORGANIZATIONNAME = isaacl.net;
			};
			buildConfigurationList = 6A7F06FE1697F2FB00E1E943 /* Build configuration list for PBXProject "ILAlertViewDemo" */;
			compatibilityVersion = "Xcode 3.2";
			developmentRegion = English;
			hasScannedForEncodings = 0;
			knownRegions = (
				en,
			);
			mainGroup = 6A7F06F91697F2FB00E1E943;
			productRefGroup = 6A7F07051697F2FB00E1E943 /* Products */;
			projectDirPath = "";
			projectRoot = "";
			targets = (
				6A7F07031697F2FB00E1E943 /* ILAlertViewDemo */,
			);
		};
/* End PBXProject section */

/* Begin PBXResourcesBuildPhase section */
		6A7F07021697F2FB00E1E943 /* Resources */ = {
			isa = PBXResourcesBuildPhase;
			buildActionMask = 2147483647;
			files = (
				6A7F07131697F2FB00E1E943 /* InfoPlist.strings in Resources */,
				6A7F071B1697F2FB00E1E943 /* Default.png in Resources */,
				6A7F071D1697F2FB00E1E943 /* Default@2x.png in Resources */,
				6A7F071F1697F2FB00E1E943 /* Default-568h@2x.png in Resources */,
				6A7F07221697F2FB00E1E943 /* MainStoryboard.storyboard in Resources */,
				6A7F073B1697F7EA00E1E943 /* alertBkg@2x.png in Resources */,
				6A7F073F1698336100E1E943 /* icon.png in Resources */,
				6A7F07411698336600E1E943 /* icon@2x.png in Resources */,
				6A8DA1151788A3BE00F0802D /* alertBkg.png in Resources */,
			);
			runOnlyForDeploymentPostprocessing = 0;
		};
/* End PBXResourcesBuildPhase section */

/* Begin PBXSourcesBuildPhase section */
		6A7F07001697F2FB00E1E943 /* Sources */ = {
			isa = PBXSourcesBuildPhase;
			buildActionMask = 2147483647;
			files = (
				6A7F07151697F2FB00E1E943 /* main.m in Sources */,
				6A7F07191697F2FB00E1E943 /* AppDelegate.m in Sources */,
				6A7F07251697F2FB00E1E943 /* ViewController.m in Sources */,
				6A7F072D1697F32700E1E943 /* ILAlertView.m in Sources */,
			);
			runOnlyForDeploymentPostprocessing = 0;
		};
/* End PBXSourcesBuildPhase section */

/* Begin PBXVariantGroup section */
		6A7F07111697F2FB00E1E943 /* InfoPlist.strings */ = {
			isa = PBXVariantGroup;
			children = (
				6A7F07121697F2FB00E1E943 /* en */,
			);
			name = InfoPlist.strings;
			sourceTree = "<group>";
		};
		6A7F07201697F2FB00E1E943 /* MainStoryboard.storyboard */ = {
			isa = PBXVariantGroup;
			children = (
				6A7F07211697F2FB00E1E943 /* en */,
			);
			name = MainStoryboard.storyboard;
			sourceTree = "<group>";
		};
/* End PBXVariantGroup section */

/* Begin XCBuildConfiguration section */
		6A7F07261697F2FB00E1E943 /* Debug */ = {
			isa = XCBuildConfiguration;
			buildSettings = {
				ALWAYS_SEARCH_USER_PATHS = NO;
				CLANG_CXX_LANGUAGE_STANDARD = "gnu++0x";
				CLANG_CXX_LIBRARY = "libc++";
				CLANG_ENABLE_OBJC_ARC = YES;
				CLANG_WARN_EMPTY_BODY = YES;
				CLANG_WARN__DUPLICATE_METHOD_MATCH = YES;
				"CODE_SIGN_IDENTITY[sdk=iphoneos*]" = "iPhone Developer";
				COPY_PHASE_STRIP = NO;
				GCC_C_LANGUAGE_STANDARD = gnu99;
				GCC_DYNAMIC_NO_PIC = NO;
				GCC_OPTIMIZATION_LEVEL = 0;
				GCC_PREPROCESSOR_DEFINITIONS = (
					"DEBUG=1",
					"$(inherited)",
				);
				GCC_SYMBOLS_PRIVATE_EXTERN = NO;
				GCC_WARN_ABOUT_RETURN_TYPE = YES;
				GCC_WARN_UNINITIALIZED_AUTOS = YES;
				GCC_WARN_UNUSED_VARIABLE = YES;
				IPHONEOS_DEPLOYMENT_TARGET = 6.0;
				ONLY_ACTIVE_ARCH = YES;
				SDKROOT = iphoneos;
			};
			name = Debug;
		};
		6A7F07271697F2FB00E1E943 /* Release */ = {
			isa = XCBuildConfiguration;
			buildSettings = {
				ALWAYS_SEARCH_USER_PATHS = NO;
				CLANG_CXX_LANGUAGE_STANDARD = "gnu++0x";
				CLANG_CXX_LIBRARY = "libc++";
				CLANG_ENABLE_OBJC_ARC = YES;
				CLANG_WARN_EMPTY_BODY = YES;
				CLANG_WARN__DUPLICATE_METHOD_MATCH = YES;
				"CODE_SIGN_IDENTITY[sdk=iphoneos*]" = "iPhone Developer";
				COPY_PHASE_STRIP = YES;
				GCC_C_LANGUAGE_STANDARD = gnu99;
				GCC_WARN_ABOUT_RETURN_TYPE = YES;
				GCC_WARN_UNINITIALIZED_AUTOS = YES;
				GCC_WARN_UNUSED_VARIABLE = YES;
				IPHONEOS_DEPLOYMENT_TARGET = 6.0;
				OTHER_CFLAGS = "-DNS_BLOCK_ASSERTIONS=1";
				SDKROOT = iphoneos;
				VALIDATE_PRODUCT = YES;
			};
			name = Release;
		};
		6A7F07291697F2FB00E1E943 /* Debug */ = {
			isa = XCBuildConfiguration;
			buildSettings = {
				GCC_PRECOMPILE_PREFIX_HEADER = YES;
				GCC_PREFIX_HEADER = "ILAlertViewDemo/ILAlertViewDemo-Prefix.pch";
				INFOPLIST_FILE = "ILAlertViewDemo/ILAlertViewDemo-Info.plist";
				IPHONEOS_DEPLOYMENT_TARGET = 5.0;
				PRODUCT_NAME = "$(TARGET_NAME)";
				WRAPPER_EXTENSION = app;
			};
			name = Debug;
		};
		6A7F072A1697F2FB00E1E943 /* Release */ = {
			isa = XCBuildConfiguration;
			buildSettings = {
				GCC_PRECOMPILE_PREFIX_HEADER = YES;
				GCC_PREFIX_HEADER = "ILAlertViewDemo/ILAlertViewDemo-Prefix.pch";
				INFOPLIST_FILE = "ILAlertViewDemo/ILAlertViewDemo-Info.plist";
				IPHONEOS_DEPLOYMENT_TARGET = 5.0;
				PRODUCT_NAME = "$(TARGET_NAME)";
				WRAPPER_EXTENSION = app;
			};
			name = Release;
		};
/* End XCBuildConfiguration section */

/* Begin XCConfigurationList section */
		6A7F06FE1697F2FB00E1E943 /* Build configuration list for PBXProject "ILAlertViewDemo" */ = {
			isa = XCConfigurationList;
			buildConfigurations = (
				6A7F07261697F2FB00E1E943 /* Debug */,
				6A7F07271697F2FB00E1E943 /* Release */,
			);
			defaultConfigurationIsVisible = 0;
			defaultConfigurationName = Release;
		};
		6A7F07281697F2FB00E1E943 /* Build configuration list for PBXNativeTarget "ILAlertViewDemo" */ = {
			isa = XCConfigurationList;
			buildConfigurations = (
				6A7F07291697F2FB00E1E943 /* Debug */,
				6A7F072A1697F2FB00E1E943 /* Release */,
			);
			defaultConfigurationIsVisible = 0;
			defaultConfigurationName = Release;
		};
/* End XCConfigurationList section */
	};
	rootObject = 6A7F06FB1697F2FB00E1E943 /* Project object */;
}
